
Microsoft Visual Studio Solution File, Format Version 12.00
# Visual Studio 2015
Project("{FAE04EC0-301F-11D3-BF4B-00C04F79EFBC}") = "WorldOfCodecraft", "WorldOfCodecraft.csproj", "{362C96C8-C23F-0659-9F6F-11A608345532}"
EndProject
Project("{FAE04EC0-301F-11D3-BF4B-00C04F79EFBC}") = "WorldOfCodecraft.Editor", "WorldOfCodecraft.Editor.csproj", "{B7E7B5D7-9CD6-380A-DED2-05E4F31E0283}"
EndProject
Global
	GlobalSection(SolutionConfigurationPlatforms) = preSolution
		Debug|Any CPU = Debug|Any CPU
		Release|Any CPU = Release|Any CPU
	EndGlobalSection
	GlobalSection(ProjectConfigurationPlatforms) = postSolution
		{362C96C8-C23F-0659-9F6F-11A608345532}.Debug|Any CPU.ActiveCfg = Debug|Any CPU
		{362C96C8-C23F-0659-9F6F-11A608345532}.Debug|Any CPU.Build.0 = Debug|Any CPU
		{362C96C8-C23F-0659-9F6F-11A608345532}.Release|Any CPU.ActiveCfg = Release|Any CPU
		{362C96C8-C23F-0659-9F6F-11A608345532}.Release|Any CPU.Build.0 = Release|Any CPU
		{B7E7B5D7-9CD6-380A-DED2-05E4F31E0283}.Debug|Any CPU.ActiveCfg = Debug|Any CPU
		{B7E7B5D7-9CD6-380A-DED2-05E4F31E0283}.Debug|Any CPU.Build.0 = Debug|Any CPU
		{B7E7B5D7-9CD6-380A-DED2-05E4F31E0283}.Release|Any CPU.ActiveCfg = Release|Any CPU
		{B7E7B5D7-9CD6-380A-DED2-05E4F31E0283}.Release|Any CPU.Build.0 = Release|Any CPU
	EndGlobalSection
	GlobalSection(SolutionProperties) = preSolution
		HideSolutionNode = FALSE
	EndGlobalSection
EndGlobal
